PODS:
  - Realm (10.28.1):
    - Realm/Headers (= 10.28.1)
  - Realm/Headers (10.28.1)
  - RealmSwift (10.28.1):
    - Realm (= 10.28.1)
  - SDWebImage (5.12.6):
    - SDWebImage/Core (= 5.12.6)
  - SDWebImage/Core (5.12.6)
  - SwiftKeychainWrapper (4.0.1)

DEPENDENCIES:
  - RealmSwift
  - SDWebImage
  - SwiftKeychainWrapper

SPEC REPOS:
  trunk:
    - Realm
    - RealmSwift
    - SDWebImage
    - SwiftKeychainWrapper

SPEC CHECKSUMS:
  Realm: f4674e0e7ee537f67a78d79bd8319bc777d61d06
  RealmSwift: 0e0e4786685c4442bf56d3831dfefb5fa05d6fd6
  SDWebImage: a47aea9e3d8816015db4e523daff50cfd294499d
  SwiftKeychainWrapper: 807ba1d63c33a7d0613288512399cd1eda1e470c

PODFILE CHECKSUM: 08736c808ddb099cae9b1bacb24e09ddc6f8ad8c

COCOAPODS: 1.11.3
