// !$*UTF8*$!
{
	archiveVersion = 1;
	classes = {
	};
	objectVersion = 55;
	objects = {

/* Begin PBXBuildFile section */
		6F03B023286B74090054865B /* FriendsViewModel.swift in Sources */ = {isa = PBXBuildFile; fileRef = 6F03B022286B74090054865B /* FriendsViewModel.swift */; };
		6F054BA42859279900032029 /* GroupsDB.swift in Sources */ = {isa = PBXBuildFile; fileRef = 6F054BA32859279900032029 /* GroupsDB.swift */; };
		6F1D13B52874CFE0008EA83C /* FriendsGet.swift in Sources */ = {isa = PBXBuildFile; fileRef = 6F1D13B42874CFE0008EA83C /* FriendsGet.swift */; };
		6F2D7B0A284F884A00CF725C /* UIViewController+Alerts.swift in Sources */ = {isa = PBXBuildFile; fileRef = 6F2D7B09284F884A00CF725C /* UIViewController+Alerts.swift */; };
		6F2D7B0C2850ECB500CF725C /* AppError.swift in Sources */ = {isa = PBXBuildFile; fileRef = 6F2D7B0B2850ECB500CF725C /* AppError.swift */; };
		6F2D7B0F2851122D00CF725C /* TwoLinedButton.swift in Sources */ = {isa = PBXBuildFile; fileRef = 6F2D7B0E2851122D00CF725C /* TwoLinedButton.swift */; };
		6F2D7B112851125700CF725C /* IconTextButton.swift in Sources */ = {isa = PBXBuildFile; fileRef = 6F2D7B102851125700CF725C /* IconTextButton.swift */; };
		6F2D7B132851157100CF725C /* StartVC.swift in Sources */ = {isa = PBXBuildFile; fileRef = 6F2D7B122851157100CF725C /* StartVC.swift */; };
		6FA03CAF287881990013647B /* NewsFeedVC.swift in Sources */ = {isa = PBXBuildFile; fileRef = 6FA03CAE287881990013647B /* NewsFeedVC.swift */; };
		6FA03CB1287889F70013647B /* PostTextCell.swift in Sources */ = {isa = PBXBuildFile; fileRef = 6FA03CB0287889F70013647B /* PostTextCell.swift */; };
		6FA03CB328789C9C0013647B /* PostAuthorCell.swift in Sources */ = {isa = PBXBuildFile; fileRef = 6FA03CB228789C9C0013647B /* PostAuthorCell.swift */; };
		6FA03CB528789CC00013647B /* PostPhotoCell.swift in Sources */ = {isa = PBXBuildFile; fileRef = 6FA03CB428789CC00013647B /* PostPhotoCell.swift */; };
		6FA03CB728789CF00013647B /* PostLikesCell.swift in Sources */ = {isa = PBXBuildFile; fileRef = 6FA03CB628789CF00013647B /* PostLikesCell.swift */; };
		6FA03CBA2878B98A0013647B /* NewsFeedAPI.swift in Sources */ = {isa = PBXBuildFile; fileRef = 6FA03CB92878B98A0013647B /* NewsFeedAPI.swift */; };
		6FA03CBC2878BA9A0013647B /* NewsFeedResponse.swift in Sources */ = {isa = PBXBuildFile; fileRef = 6FA03CBB2878BA9A0013647B /* NewsFeedResponse.swift */; };
		6FA74A61284B740800E962C9 /* ZoomVC.swift in Sources */ = {isa = PBXBuildFile; fileRef = 6FA74A60284B740800E962C9 /* ZoomVC.swift */; };
		6FA74A64284B76D500E962C9 /* ZoomCollectionViewCell.swift in Sources */ = {isa = PBXBuildFile; fileRef = 6FA74A62284B76D500E962C9 /* ZoomCollectionViewCell.swift */; };
		6FA74A65284B76D500E962C9 /* ZoomCollectionViewCell.xib in Resources */ = {isa = PBXBuildFile; fileRef = 6FA74A63284B76D500E962C9 /* ZoomCollectionViewCell.xib */; };
		6FC53202286F13C4003FEAD1 /* PropertyWrapper.swift in Sources */ = {isa = PBXBuildFile; fileRef = 6FC53201286F13C4003FEAD1 /* PropertyWrapper.swift */; };
		6FE39DCC287D79E0002BAF97 /* ButtonFactory.swift in Sources */ = {isa = PBXBuildFile; fileRef = 6FE39DCB287D79E0002BAF97 /* ButtonFactory.swift */; };
		6FE39DCE287E99C1002BAF97 /* CustomColors.swift in Sources */ = {isa = PBXBuildFile; fileRef = 6FE39DCD287E99C1002BAF97 /* CustomColors.swift */; };
		6FE5D99D286CD73A0024BA8D /* FriendsView.swift in Sources */ = {isa = PBXBuildFile; fileRef = 6FE5D99C286CD73A0024BA8D /* FriendsView.swift */; };
		6FF0FDF1284117F10085FF04 /* AppDelegate.swift in Sources */ = {isa = PBXBuildFile; fileRef = 6FF0FDF0284117F10085FF04 /* AppDelegate.swift */; };
		6FF0FDF3284117F10085FF04 /* SceneDelegate.swift in Sources */ = {isa = PBXBuildFile; fileRef = 6FF0FDF2284117F10085FF04 /* SceneDelegate.swift */; };
		6FF0FDF5284117F10085FF04 /* AuthorizationVC.swift in Sources */ = {isa = PBXBuildFile; fileRef = 6FF0FDF4284117F10085FF04 /* AuthorizationVC.swift */; };
		6FF0FDF8284117F10085FF04 /* Main.storyboard in Resources */ = {isa = PBXBuildFile; fileRef = 6FF0FDF6284117F10085FF04 /* Main.storyboard */; };
		6FF0FDFA284117F20085FF04 /* Assets.xcassets in Resources */ = {isa = PBXBuildFile; fileRef = 6FF0FDF9284117F20085FF04 /* Assets.xcassets */; };
		6FF0FDFD284117F20085FF04 /* LaunchScreen.storyboard in Resources */ = {isa = PBXBuildFile; fileRef = 6FF0FDFB284117F20085FF04 /* LaunchScreen.storyboard */; };
		6FF0FE0B28411AAE0085FF04 /* Tabbar.storyboard in Resources */ = {isa = PBXBuildFile; fileRef = 6FF0FE0A28411AAE0085FF04 /* Tabbar.storyboard */; };
		6FF0FE0D284125A70085FF04 /* Session.swift in Sources */ = {isa = PBXBuildFile; fileRef = 6FF0FE0C284125A70085FF04 /* Session.swift */; };
		6FF0FE1228412D1A0085FF04 /* TabbarVC.swift in Sources */ = {isa = PBXBuildFile; fileRef = 6FF0FE1128412D1A0085FF04 /* TabbarVC.swift */; };
		6FF0FE1428412D680085FF04 /* ProfileVC.swift in Sources */ = {isa = PBXBuildFile; fileRef = 6FF0FE1328412D680085FF04 /* ProfileVC.swift */; };
		6FF0FE1628412D850085FF04 /* FriendsVC.swift in Sources */ = {isa = PBXBuildFile; fileRef = 6FF0FE1528412D850085FF04 /* FriendsVC.swift */; };
		6FF0FE19284137310085FF04 /* APIManager.swift in Sources */ = {isa = PBXBuildFile; fileRef = 6FF0FE18284137310085FF04 /* APIManager.swift */; };
		6FF0FE1B284139F30085FF04 /* FriendModel.swift in Sources */ = {isa = PBXBuildFile; fileRef = 6FF0FE1A284139F30085FF04 /* FriendModel.swift */; };
		6FF0FE1D284140C30085FF04 /* Data+PrettyJSON.swift in Sources */ = {isa = PBXBuildFile; fileRef = 6FF0FE1C284140C30085FF04 /* Data+PrettyJSON.swift */; };
		6FF0FE1F28415F700085FF04 /* FriendTableViewCell.swift in Sources */ = {isa = PBXBuildFile; fileRef = 6FF0FE1E28415F700085FF04 /* FriendTableViewCell.swift */; };
		6FF0FE28284213550085FF04 /* PhotosVC.swift in Sources */ = {isa = PBXBuildFile; fileRef = 6FF0FE27284213550085FF04 /* PhotosVC.swift */; };
		6FF0FE2A2842137C0085FF04 /* PhotosCollectionViewCell.swift in Sources */ = {isa = PBXBuildFile; fileRef = 6FF0FE292842137C0085FF04 /* PhotosCollectionViewCell.swift */; };
		6FF0FE2C2842222F0085FF04 /* PhotosModel.swift in Sources */ = {isa = PBXBuildFile; fileRef = 6FF0FE2B2842222F0085FF04 /* PhotosModel.swift */; };
		6FF0FE2E2842897C0085FF04 /* UserModel.swift in Sources */ = {isa = PBXBuildFile; fileRef = 6FF0FE2D2842897B0085FF04 /* UserModel.swift */; };
		6FFBD20B284A1EFD0032A734 /* GroupsModel.swift in Sources */ = {isa = PBXBuildFile; fileRef = 6FFBD20A284A1EFD0032A734 /* GroupsModel.swift */; };
		6FFBD20E284A339E0032A734 /* GroupsVC.swift in Sources */ = {isa = PBXBuildFile; fileRef = 6FFBD20D284A339E0032A734 /* GroupsVC.swift */; };
		6FFBD210284A33CA0032A734 /* GroupsTableViewCell.swift in Sources */ = {isa = PBXBuildFile; fileRef = 6FFBD20F284A33CA0032A734 /* GroupsTableViewCell.swift */; };
		8746EA44B9FCC1AEC182BF48 /* Pods_VKProject.framework in Frameworks */ = {isa = PBXBuildFile; fileRef = CED2AAA1FB198E8271CE40F8 /* Pods_VKProject.framework */; };
/* End PBXBuildFile section */

/* Begin PBXFileReference section */
		09628E3140977BFA39389486 /* Pods-VKProject.debug.xcconfig */ = {isa = PBXFileReference; includeInIndex = 1; lastKnownFileType = text.xcconfig; name = "Pods-VKProject.debug.xcconfig"; path = "Target Support Files/Pods-VKProject/Pods-VKProject.debug.xcconfig"; sourceTree = "<group>"; };
		6F03B022286B74090054865B /* FriendsViewModel.swift */ = {isa = PBXFileReference; lastKnownFileType = sourcecode.swift; path = FriendsViewModel.swift; sourceTree = "<group>"; };
		6F054BA32859279900032029 /* GroupsDB.swift */ = {isa = PBXFileReference; lastKnownFileType = sourcecode.swift; path = GroupsDB.swift; sourceTree = "<group>"; };
		6F1D13B42874CFE0008EA83C /* FriendsGet.swift */ = {isa = PBXFileReference; lastKnownFileType = sourcecode.swift; path = FriendsGet.swift; sourceTree = "<group>"; };
		6F2D7B09284F884A00CF725C /* UIViewController+Alerts.swift */ = {isa = PBXFileReference; lastKnownFileType = sourcecode.swift; path = "UIViewController+Alerts.swift"; sourceTree = "<group>"; };
		6F2D7B0B2850ECB500CF725C /* AppError.swift */ = {isa = PBXFileReference; lastKnownFileType = sourcecode.swift; path = AppError.swift; sourceTree = "<group>"; };
		6F2D7B0E2851122D00CF725C /* TwoLinedButton.swift */ = {isa = PBXFileReference; lastKnownFileType = sourcecode.swift; path = TwoLinedButton.swift; sourceTree = "<group>"; };
		6F2D7B102851125700CF725C /* IconTextButton.swift */ = {isa = PBXFileReference; lastKnownFileType = sourcecode.swift; path = IconTextButton.swift; sourceTree = "<group>"; };
		6F2D7B122851157100CF725C /* StartVC.swift */ = {isa = PBXFileReference; lastKnownFileType = sourcecode.swift; path = StartVC.swift; sourceTree = "<group>"; };
		6FA03CAE287881990013647B /* NewsFeedVC.swift */ = {isa = PBXFileReference; lastKnownFileType = sourcecode.swift; path = NewsFeedVC.swift; sourceTree = "<group>"; };
		6FA03CB0287889F70013647B /* PostTextCell.swift */ = {isa = PBXFileReference; lastKnownFileType = sourcecode.swift; path = PostTextCell.swift; sourceTree = "<group>"; };
		6FA03CB228789C9C0013647B /* PostAuthorCell.swift */ = {isa = PBXFileReference; lastKnownFileType = sourcecode.swift; path = PostAuthorCell.swift; sourceTree = "<group>"; };
		6FA03CB428789CC00013647B /* PostPhotoCell.swift */ = {isa = PBXFileReference; lastKnownFileType = sourcecode.swift; path = PostPhotoCell.swift; sourceTree = "<group>"; };
		6FA03CB628789CF00013647B /* PostLikesCell.swift */ = {isa = PBXFileReference; lastKnownFileType = sourcecode.swift; path = PostLikesCell.swift; sourceTree = "<group>"; };
		6FA03CB92878B98A0013647B /* NewsFeedAPI.swift */ = {isa = PBXFileReference; lastKnownFileType = sourcecode.swift; path = NewsFeedAPI.swift; sourceTree = "<group>"; };
		6FA03CBB2878BA9A0013647B /* NewsFeedResponse.swift */ = {isa = PBXFileReference; lastKnownFileType = sourcecode.swift; path = NewsFeedResponse.swift; sourceTree = "<group>"; };
		6FA74A60284B740800E962C9 /* ZoomVC.swift */ = {isa = PBXFileReference; lastKnownFileType = sourcecode.swift; path = ZoomVC.swift; sourceTree = "<group>"; };
		6FA74A62284B76D500E962C9 /* ZoomCollectionViewCell.swift */ = {isa = PBXFileReference; lastKnownFileType = sourcecode.swift; path = ZoomCollectionViewCell.swift; sourceTree = "<group>"; };
		6FA74A63284B76D500E962C9 /* ZoomCollectionViewCell.xib */ = {isa = PBXFileReference; lastKnownFileType = file.xib; path = ZoomCollectionViewCell.xib; sourceTree = "<group>"; };
		6FC53201286F13C4003FEAD1 /* PropertyWrapper.swift */ = {isa = PBXFileReference; lastKnownFileType = sourcecode.swift; path = PropertyWrapper.swift; sourceTree = "<group>"; };
		6FE39DCB287D79E0002BAF97 /* ButtonFactory.swift */ = {isa = PBXFileReference; lastKnownFileType = sourcecode.swift; path = ButtonFactory.swift; sourceTree = "<group>"; };
		6FE39DCD287E99C1002BAF97 /* CustomColors.swift */ = {isa = PBXFileReference; lastKnownFileType = sourcecode.swift; path = CustomColors.swift; sourceTree = "<group>"; };
		6FE5D99C286CD73A0024BA8D /* FriendsView.swift */ = {isa = PBXFileReference; lastKnownFileType = sourcecode.swift; path = FriendsView.swift; sourceTree = "<group>"; };
		6FF0FDED284117F10085FF04 /* VKProject.app */ = {isa = PBXFileReference; explicitFileType = wrapper.application; includeInIndex = 0; path = VKProject.app; sourceTree = BUILT_PRODUCTS_DIR; };
		6FF0FDF0284117F10085FF04 /* AppDelegate.swift */ = {isa = PBXFileReference; lastKnownFileType = sourcecode.swift; path = AppDelegate.swift; sourceTree = "<group>"; };
		6FF0FDF2284117F10085FF04 /* SceneDelegate.swift */ = {isa = PBXFileReference; lastKnownFileType = sourcecode.swift; path = SceneDelegate.swift; sourceTree = "<group>"; };
		6FF0FDF4284117F10085FF04 /* AuthorizationVC.swift */ = {isa = PBXFileReference; lastKnownFileType = sourcecode.swift; path = AuthorizationVC.swift; sourceTree = "<group>"; };
		6FF0FDF7284117F10085FF04 /* Base */ = {isa = PBXFileReference; lastKnownFileType = file.storyboard; name = Base; path = Base.lproj/Main.storyboard; sourceTree = "<group>"; };
		6FF0FDF9284117F20085FF04 /* Assets.xcassets */ = {isa = PBXFileReference; lastKnownFileType = folder.assetcatalog; path = Assets.xcassets; sourceTree = "<group>"; };
		6FF0FDFC284117F20085FF04 /* Base */ = {isa = PBXFileReference; lastKnownFileType = file.storyboard; name = Base; path = Base.lproj/LaunchScreen.storyboard; sourceTree = "<group>"; };
		6FF0FDFE284117F20085FF04 /* Info.plist */ = {isa = PBXFileReference; lastKnownFileType = text.plist.xml; path = Info.plist; sourceTree = "<group>"; };
		6FF0FE0A28411AAE0085FF04 /* Tabbar.storyboard */ = {isa = PBXFileReference; lastKnownFileType = file.storyboard; path = Tabbar.storyboard; sourceTree = "<group>"; };
		6FF0FE0C284125A70085FF04 /* Session.swift */ = {isa = PBXFileReference; lastKnownFileType = sourcecode.swift; path = Session.swift; sourceTree = "<group>"; };
		6FF0FE1128412D1A0085FF04 /* TabbarVC.swift */ = {isa = PBXFileReference; lastKnownFileType = sourcecode.swift; path = TabbarVC.swift; sourceTree = "<group>"; };
		6FF0FE1328412D680085FF04 /* ProfileVC.swift */ = {isa = PBXFileReference; lastKnownFileType = sourcecode.swift; path = ProfileVC.swift; sourceTree = "<group>"; };
		6FF0FE1528412D850085FF04 /* FriendsVC.swift */ = {isa = PBXFileReference; lastKnownFileType = sourcecode.swift; path = FriendsVC.swift; sourceTree = "<group>"; };
		6FF0FE18284137310085FF04 /* APIManager.swift */ = {isa = PBXFileReference; lastKnownFileType = sourcecode.swift; path = APIManager.swift; sourceTree = "<group>"; };
		6FF0FE1A284139F30085FF04 /* FriendModel.swift */ = {isa = PBXFileReference; lastKnownFileType = sourcecode.swift; path = FriendModel.swift; sourceTree = "<group>"; };
		6FF0FE1C284140C30085FF04 /* Data+PrettyJSON.swift */ = {isa = PBXFileReference; lastKnownFileType = sourcecode.swift; path = "Data+PrettyJSON.swift"; sourceTree = "<group>"; };
		6FF0FE1E28415F700085FF04 /* FriendTableViewCell.swift */ = {isa = PBXFileReference; lastKnownFileType = sourcecode.swift; path = FriendTableViewCell.swift; sourceTree = "<group>"; };
		6FF0FE27284213550085FF04 /* PhotosVC.swift */ = {isa = PBXFileReference; lastKnownFileType = sourcecode.swift; path = PhotosVC.swift; sourceTree = "<group>"; };
		6FF0FE292842137C0085FF04 /* PhotosCollectionViewCell.swift */ = {isa = PBXFileReference; lastKnownFileType = sourcecode.swift; path = PhotosCollectionViewCell.swift; sourceTree = "<group>"; };
		6FF0FE2B2842222F0085FF04 /* PhotosModel.swift */ = {isa = PBXFileReference; lastKnownFileType = sourcecode.swift; path = PhotosModel.swift; sourceTree = "<group>"; };
		6FF0FE2D2842897B0085FF04 /* UserModel.swift */ = {isa = PBXFileReference; lastKnownFileType = sourcecode.swift; path = UserModel.swift; sourceTree = "<group>"; };
		6FFBD20A284A1EFD0032A734 /* GroupsModel.swift */ = {isa = PBXFileReference; lastKnownFileType = sourcecode.swift; path = GroupsModel.swift; sourceTree = "<group>"; };
		6FFBD20D284A339E0032A734 /* GroupsVC.swift */ = {isa = PBXFileReference; lastKnownFileType = sourcecode.swift; path = GroupsVC.swift; sourceTree = "<group>"; };
		6FFBD20F284A33CA0032A734 /* GroupsTableViewCell.swift */ = {isa = PBXFileReference; lastKnownFileType = sourcecode.swift; path = GroupsTableViewCell.swift; sourceTree = "<group>"; };
		CED2AAA1FB198E8271CE40F8 /* Pods_VKProject.framework */ = {isa = PBXFileReference; explicitFileType = wrapper.framework; includeInIndex = 0; path = Pods_VKProject.framework; sourceTree = BUILT_PRODUCTS_DIR; };
		E2308428D4AD3F0A3208C087 /* Pods-VKProject.release.xcconfig */ = {isa = PBXFileReference; includeInIndex = 1; lastKnownFileType = text.xcconfig; name = "Pods-VKProject.release.xcconfig"; path = "Target Support Files/Pods-VKProject/Pods-VKProject.release.xcconfig"; sourceTree = "<group>"; };
/* End PBXFileReference section */

/* Begin PBXFrameworksBuildPhase section */
		6FF0FDEA284117F10085FF04 /* Frameworks */ = {
			isa = PBXFrameworksBuildPhase;
			buildActionMask = 2147483647;
			files = (
				8746EA44B9FCC1AEC182BF48 /* Pods_VKProject.framework in Frameworks */,
			);
			runOnlyForDeploymentPostprocessing = 0;
		};
/* End PBXFrameworksBuildPhase section */

/* Begin PBXGroup section */
		3814346248C81C35E659281F /* Pods */ = {
			isa = PBXGroup;
			children = (
				09628E3140977BFA39389486 /* Pods-VKProject.debug.xcconfig */,
				E2308428D4AD3F0A3208C087 /* Pods-VKProject.release.xcconfig */,
			);
			path = Pods;
			sourceTree = "<group>";
		};
		6F054BA22859277400032029 /* Database */ = {
			isa = PBXGroup;
			children = (
				6F054BA32859279900032029 /* GroupsDB.swift */,
			);
			path = Database;
			sourceTree = "<group>";
		};
		6F2D7B0D285111DB00CF725C /* CustomButtons */ = {
			isa = PBXGroup;
			children = (
				6F2D7B0E2851122D00CF725C /* TwoLinedButton.swift */,
				6FE39DCB287D79E0002BAF97 /* ButtonFactory.swift */,
				6F2D7B102851125700CF725C /* IconTextButton.swift */,
				6FE39DCD287E99C1002BAF97 /* CustomColors.swift */,
			);
			path = CustomButtons;
			sourceTree = "<group>";
		};
		6FA03CAC287881230013647B /* ProfileVC */ = {
			isa = PBXGroup;
			children = (
				6FF0FE1328412D680085FF04 /* ProfileVC.swift */,
			);
			path = ProfileVC;
			sourceTree = "<group>";
		};
		6FA03CAD287881520013647B /* NewsFeed */ = {
			isa = PBXGroup;
			children = (
				6FA03CAE287881990013647B /* NewsFeedVC.swift */,
				6FA03CB92878B98A0013647B /* NewsFeedAPI.swift */,
				6FA03CB828789E4F0013647B /* Cell */,
			);
			path = NewsFeed;
			sourceTree = "<group>";
		};
		6FA03CB828789E4F0013647B /* Cell */ = {
			isa = PBXGroup;
			children = (
				6FA03CB228789C9C0013647B /* PostAuthorCell.swift */,
				6FA03CB0287889F70013647B /* PostTextCell.swift */,
				6FA03CB428789CC00013647B /* PostPhotoCell.swift */,
				6FA03CB628789CF00013647B /* PostLikesCell.swift */,
			);
			path = Cell;
			sourceTree = "<group>";
		};
		6FA74A59284B56BC00E962C9 /* ZoomVC */ = {
			isa = PBXGroup;
			children = (
				6FA74A60284B740800E962C9 /* ZoomVC.swift */,
				6FA74A62284B76D500E962C9 /* ZoomCollectionViewCell.swift */,
				6FA74A63284B76D500E962C9 /* ZoomCollectionViewCell.xib */,
			);
			path = ZoomVC;
			sourceTree = "<group>";
		};
		6FC53200286F138F003FEAD1 /* PropertyWrapper */ = {
			isa = PBXGroup;
			children = (
				6FC53201286F13C4003FEAD1 /* PropertyWrapper.swift */,
			);
			path = PropertyWrapper;
			sourceTree = "<group>";
		};
		6FF0FDE4284117F10085FF04 = {
			isa = PBXGroup;
			children = (
				6FF0FDEF284117F10085FF04 /* VKProject */,
				6FF0FDEE284117F10085FF04 /* Products */,
				3814346248C81C35E659281F /* Pods */,
				AB08A2B50BEF4A06EC153F97 /* Frameworks */,
			);
			sourceTree = "<group>";
		};
		6FF0FDEE284117F10085FF04 /* Products */ = {
			isa = PBXGroup;
			children = (
				6FF0FDED284117F10085FF04 /* VKProject.app */,
			);
			name = Products;
			sourceTree = "<group>";
		};
		6FF0FDEF284117F10085FF04 /* VKProject */ = {
			isa = PBXGroup;
			children = (
				6FC53200286F138F003FEAD1 /* PropertyWrapper */,
				6FF0FE042841185F0085FF04 /* Core */,
				6FF0FE082841194B0085FF04 /* Screens */,
				6FF0FE05284118AD0085FF04 /* Services */,
				6FF0FE06284118CD0085FF04 /* Models */,
				6FF0FE07284118E10085FF04 /* Extensions */,
				6FF0FE09284119950085FF04 /* Resources */,
			);
			path = VKProject;
			sourceTree = "<group>";
		};
		6FF0FE042841185F0085FF04 /* Core */ = {
			isa = PBXGroup;
			children = (
				6FF0FDF0284117F10085FF04 /* AppDelegate.swift */,
				6FF0FDF2284117F10085FF04 /* SceneDelegate.swift */,
			);
			path = Core;
			sourceTree = "<group>";
		};
		6FF0FE05284118AD0085FF04 /* Services */ = {
			isa = PBXGroup;
			children = (
				6FF0FE172841343F0085FF04 /* API */,
				6F054BA22859277400032029 /* Database */,
				6FF0FE0C284125A70085FF04 /* Session.swift */,
			);
			path = Services;
			sourceTree = "<group>";
		};
		6FF0FE06284118CD0085FF04 /* Models */ = {
			isa = PBXGroup;
			children = (
				6FF0FE1A284139F30085FF04 /* FriendModel.swift */,
				6FF0FE2B2842222F0085FF04 /* PhotosModel.swift */,
				6FF0FE2D2842897B0085FF04 /* UserModel.swift */,
				6FFBD20A284A1EFD0032A734 /* GroupsModel.swift */,
				6FA03CBB2878BA9A0013647B /* NewsFeedResponse.swift */,
			);
			path = Models;
			sourceTree = "<group>";
		};
		6FF0FE07284118E10085FF04 /* Extensions */ = {
			isa = PBXGroup;
			children = (
				6F2D7B0D285111DB00CF725C /* CustomButtons */,
				6FF0FE1C284140C30085FF04 /* Data+PrettyJSON.swift */,
				6F2D7B09284F884A00CF725C /* UIViewController+Alerts.swift */,
			);
			path = Extensions;
			sourceTree = "<group>";
		};
		6FF0FE082841194B0085FF04 /* Screens */ = {
			isa = PBXGroup;
			children = (
				6FF0FDF4284117F10085FF04 /* AuthorizationVC.swift */,
				6F2D7B122851157100CF725C /* StartVC.swift */,
				6FF0FE0E284127900085FF04 /* Tabbar */,
			);
			path = Screens;
			sourceTree = "<group>";
		};
		6FF0FE09284119950085FF04 /* Resources */ = {
			isa = PBXGroup;
			children = (
				6FF0FDF6284117F10085FF04 /* Main.storyboard */,
				6FF0FE0A28411AAE0085FF04 /* Tabbar.storyboard */,
				6FF0FDFB284117F20085FF04 /* LaunchScreen.storyboard */,
				6FF0FDF9284117F20085FF04 /* Assets.xcassets */,
				6FF0FDFE284117F20085FF04 /* Info.plist */,
			);
			path = Resources;
			sourceTree = "<group>";
		};
		6FF0FE0E284127900085FF04 /* Tabbar */ = {
			isa = PBXGroup;
			children = (
				6FF0FE1128412D1A0085FF04 /* TabbarVC.swift */,
				6FA03CAD287881520013647B /* NewsFeed */,
				6FA03CAC287881230013647B /* ProfileVC */,
				6FF0FE2028415F860085FF04 /* FriendVC */,
				6FA74A59284B56BC00E962C9 /* ZoomVC */,
				6FF0FE26284213100085FF04 /* Photos */,
				6FFBD20C284A22DF0032A734 /* GroupsVC */,
			);
			path = Tabbar;
			sourceTree = "<group>";
		};
		6FF0FE172841343F0085FF04 /* API */ = {
			isa = PBXGroup;
			children = (
				6FF0FE18284137310085FF04 /* APIManager.swift */,
				6F2D7B0B2850ECB500CF725C /* AppError.swift */,
				6F1D13B42874CFE0008EA83C /* FriendsGet.swift */,
			);
			path = API;
			sourceTree = "<group>";
		};
		6FF0FE2028415F860085FF04 /* FriendVC */ = {
			isa = PBXGroup;
			children = (
				6FF0FE1528412D850085FF04 /* FriendsVC.swift */,
				6FF0FE1E28415F700085FF04 /* FriendTableViewCell.swift */,
				6F03B022286B74090054865B /* FriendsViewModel.swift */,
				6FE5D99C286CD73A0024BA8D /* FriendsView.swift */,
			);
			path = FriendVC;
			sourceTree = "<group>";
		};
		6FF0FE26284213100085FF04 /* Photos */ = {
			isa = PBXGroup;
			children = (
				6FF0FE27284213550085FF04 /* PhotosVC.swift */,
				6FF0FE292842137C0085FF04 /* PhotosCollectionViewCell.swift */,
			);
			path = Photos;
			sourceTree = "<group>";
		};
		6FFBD20C284A22DF0032A734 /* GroupsVC */ = {
			isa = PBXGroup;
			children = (
				6FFBD20D284A339E0032A734 /* GroupsVC.swift */,
				6FFBD20F284A33CA0032A734 /* GroupsTableViewCell.swift */,
			);
			path = GroupsVC;
			sourceTree = "<group>";
		};
		AB08A2B50BEF4A06EC153F97 /* Frameworks */ = {
			isa = PBXGroup;
			children = (
				CED2AAA1FB198E8271CE40F8 /* Pods_VKProject.framework */,
			);
			name = Frameworks;
			sourceTree = "<group>";
		};
/* End PBXGroup section */

/* Begin PBXNativeTarget section */
		6FF0FDEC284117F10085FF04 /* VKProject */ = {
			isa = PBXNativeTarget;
			buildConfigurationList = 6FF0FE01284117F20085FF04 /* Build configuration list for PBXNativeTarget "VKProject" */;
			buildPhases = (
				29DFF70DA26C2410C56F1D8B /* [CP] Check Pods Manifest.lock */,
				6FF0FDE9284117F10085FF04 /* Sources */,
				6FF0FDEA284117F10085FF04 /* Frameworks */,
				6FF0FDEB284117F10085FF04 /* Resources */,
				749D0274D1B6E91E3727B861 /* [CP] Embed Pods Frameworks */,
			);
			buildRules = (
			);
			dependencies = (
			);
			name = VKProject;
			productName = VKProject;
			productReference = 6FF0FDED284117F10085FF04 /* VKProject.app */;
			productType = "com.apple.product-type.application";
		};
/* End PBXNativeTarget section */

/* Begin PBXProject section */
		6FF0FDE5284117F10085FF04 /* Project object */ = {
			isa = PBXProject;
			attributes = {
				BuildIndependentTargetsInParallel = 1;
				LastSwiftUpdateCheck = 1330;
				LastUpgradeCheck = 1330;
				TargetAttributes = {
					6FF0FDEC284117F10085FF04 = {
						CreatedOnToolsVersion = 13.3;
					};
				};
			};
			buildConfigurationList = 6FF0FDE8284117F10085FF04 /* Build configuration list for PBXProject "VKProject" */;
			compatibilityVersion = "Xcode 13.0";
			developmentRegion = en;
			hasScannedForEncodings = 0;
			knownRegions = (
				en,
				Base,
			);
			mainGroup = 6FF0FDE4284117F10085FF04;
			productRefGroup = 6FF0FDEE284117F10085FF04 /* Products */;
			projectDirPath = "";
			projectRoot = "";
			targets = (
				6FF0FDEC284117F10085FF04 /* VKProject */,
			);
		};
/* End PBXProject section */

/* Begin PBXResourcesBuildPhase section */
		6FF0FDEB284117F10085FF04 /* Resources */ = {
			isa = PBXResourcesBuildPhase;
			buildActionMask = 2147483647;
			files = (
				6FF0FE0B28411AAE0085FF04 /* Tabbar.storyboard in Resources */,
				6FF0FDFD284117F20085FF04 /* LaunchScreen.storyboard in Resources */,
				6FA74A65284B76D500E962C9 /* ZoomCollectionViewCell.xib in Resources */,
				6FF0FDFA284117F20085FF04 /* Assets.xcassets in Resources */,
				6FF0FDF8284117F10085FF04 /* Main.storyboard in Resources */,
			);
			runOnlyForDeploymentPostprocessing = 0;
		};
/* End PBXResourcesBuildPhase section */

/* Begin PBXShellScriptBuildPhase section */
		29DFF70DA26C2410C56F1D8B /* [CP] Check Pods Manifest.lock */ = {
			isa = PBXShellScriptBuildPhase;
			buildActionMask = 2147483647;
			files = (
			);
			inputFileListPaths = (
			);
			inputPaths = (
				"${PODS_PODFILE_DIR_PATH}/Podfile.lock",
				"${PODS_ROOT}/Manifest.lock",
			);
			name = "[CP] Check Pods Manifest.lock";
			outputFileListPaths = (
			);
			outputPaths = (
				"$(DERIVED_FILE_DIR)/Pods-VKProject-checkManifestLockResult.txt",
			);
			runOnlyForDeploymentPostprocessing = 0;
			shellPath = /bin/sh;
			shellScript = "diff \"${PODS_PODFILE_DIR_PATH}/Podfile.lock\" \"${PODS_ROOT}/Manifest.lock\" > /dev/null\nif [ $? != 0 ] ; then\n    # print error to STDERR\n    echo \"error: The sandbox is not in sync with the Podfile.lock. Run 'pod install' or update your CocoaPods installation.\" >&2\n    exit 1\nfi\n# This output is used by Xcode 'outputs' to avoid re-running this script phase.\necho \"SUCCESS\" > \"${SCRIPT_OUTPUT_FILE_0}\"\n";
			showEnvVarsInLog = 0;
		};
		749D0274D1B6E91E3727B861 /* [CP] Embed Pods Frameworks */ = {
			isa = PBXShellScriptBuildPhase;
			buildActionMask = 2147483647;
			files = (
			);
			inputFileListPaths = (
				"${PODS_ROOT}/Target Support Files/Pods-VKProject/Pods-VKProject-frameworks-${CONFIGURATION}-input-files.xcfilelist",
			);
			name = "[CP] Embed Pods Frameworks";
			outputFileListPaths = (
				"${PODS_ROOT}/Target Support Files/Pods-VKProject/Pods-VKProject-frameworks-${CONFIGURATION}-output-files.xcfilelist",
			);
			runOnlyForDeploymentPostprocessing = 0;
			shellPath = /bin/sh;
			shellScript = "\"${PODS_ROOT}/Target Support Files/Pods-VKProject/Pods-VKProject-frameworks.sh\"\n";
			showEnvVarsInLog = 0;
		};
/* End PBXShellScriptBuildPhase section */

/* Begin PBXSourcesBuildPhase section */
		6FF0FDE9284117F10085FF04 /* Sources */ = {
			isa = PBXSourcesBuildPhase;
			buildActionMask = 2147483647;
			files = (
				6FF0FE2C2842222F0085FF04 /* PhotosModel.swift in Sources */,
				6FE39DCE287E99C1002BAF97 /* CustomColors.swift in Sources */,
				6F2D7B112851125700CF725C /* IconTextButton.swift in Sources */,
				6FF0FE19284137310085FF04 /* APIManager.swift in Sources */,
				6FF0FE1628412D850085FF04 /* FriendsVC.swift in Sources */,
				6FF0FE1428412D680085FF04 /* ProfileVC.swift in Sources */,
				6F054BA42859279900032029 /* GroupsDB.swift in Sources */,
				6FE39DCC287D79E0002BAF97 /* ButtonFactory.swift in Sources */,
				6FF0FE0D284125A70085FF04 /* Session.swift in Sources */,
				6FA03CBA2878B98A0013647B /* NewsFeedAPI.swift in Sources */,
				6FF0FE1F28415F700085FF04 /* FriendTableViewCell.swift in Sources */,
				6FA03CB328789C9C0013647B /* PostAuthorCell.swift in Sources */,
				6FA74A61284B740800E962C9 /* ZoomVC.swift in Sources */,
				6FA03CB528789CC00013647B /* PostPhotoCell.swift in Sources */,
				6FF0FE1B284139F30085FF04 /* FriendModel.swift in Sources */,
				6FA03CAF287881990013647B /* NewsFeedVC.swift in Sources */,
				6F2D7B0C2850ECB500CF725C /* AppError.swift in Sources */,
				6FFBD20E284A339E0032A734 /* GroupsVC.swift in Sources */,
				6FA03CBC2878BA9A0013647B /* NewsFeedResponse.swift in Sources */,
				6FF0FE1D284140C30085FF04 /* Data+PrettyJSON.swift in Sources */,
				6FF0FE28284213550085FF04 /* PhotosVC.swift in Sources */,
				6FE5D99D286CD73A0024BA8D /* FriendsView.swift in Sources */,
				6FA74A64284B76D500E962C9 /* ZoomCollectionViewCell.swift in Sources */,
				6F2D7B0F2851122D00CF725C /* TwoLinedButton.swift in Sources */,
				6FF0FDF5284117F10085FF04 /* AuthorizationVC.swift in Sources */,
				6FF0FDF1284117F10085FF04 /* AppDelegate.swift in Sources */,
				6FF0FDF3284117F10085FF04 /* SceneDelegate.swift in Sources */,
				6FC53202286F13C4003FEAD1 /* PropertyWrapper.swift in Sources */,
				6FFBD210284A33CA0032A734 /* GroupsTableViewCell.swift in Sources */,
				6FF0FE2A2842137C0085FF04 /* PhotosCollectionViewCell.swift in Sources */,
				6FA03CB1287889F70013647B /* PostTextCell.swift in Sources */,
				6F2D7B132851157100CF725C /* StartVC.swift in Sources */,
				6FFBD20B284A1EFD0032A734 /* GroupsModel.swift in Sources */,
				6FF0FE2E2842897C0085FF04 /* UserModel.swift in Sources */,
				6F2D7B0A284F884A00CF725C /* UIViewController+Alerts.swift in Sources */,
				6FA03CB728789CF00013647B /* PostLikesCell.swift in Sources */,
				6FF0FE1228412D1A0085FF04 /* TabbarVC.swift in Sources */,
				6F1D13B52874CFE0008EA83C /* FriendsGet.swift in Sources */,
				6F03B023286B74090054865B /* FriendsViewModel.swift in Sources */,
			);
			runOnlyForDeploymentPostprocessing = 0;
		};
/* End PBXSourcesBuildPhase section */

/* Begin PBXVariantGroup section */
		6FF0FDF6284117F10085FF04 /* Main.storyboard */ = {
			isa = PBXVariantGroup;
			children = (
				6FF0FDF7284117F10085FF04 /* Base */,
			);
			name = Main.storyboard;
			sourceTree = "<group>";
		};
		6FF0FDFB284117F20085FF04 /* LaunchScreen.storyboard */ = {
			isa = PBXVariantGroup;
			children = (
				6FF0FDFC284117F20085FF04 /* Base */,
			);
			name = LaunchScreen.storyboard;
			sourceTree = "<group>";
		};
/* End PBXVariantGroup section */

/* Begin XCBuildConfiguration section */
		6FF0FDFF284117F20085FF04 /* Debug */ = {
			isa = XCBuildConfiguration;
			buildSettings = {
				ALWAYS_SEARCH_USER_PATHS = NO;
				CLANG_ANALYZER_NONNULL = YES;
				CLANG_ANALYZER_NUMBER_OBJECT_CONVERSION = YES_AGGRESSIVE;
				CLANG_CXX_LANGUAGE_STANDARD = "gnu++17";
				CLANG_ENABLE_MODULES = YES;
				CLANG_ENABLE_OBJC_ARC = YES;
				CLANG_ENABLE_OBJC_WEAK = YES;
				CLANG_WARN_BLOCK_CAPTURE_AUTORELEASING = YES;
				CLANG_WARN_BOOL_CONVERSION = YES;
				CLANG_WARN_COMMA = YES;
				CLANG_WARN_CONSTANT_CONVERSION = YES;
				CLANG_WARN_DEPRECATED_OBJC_IMPLEMENTATIONS = YES;
				CLANG_WARN_DIRECT_OBJC_ISA_USAGE = YES_ERROR;
				CLANG_WARN_DOCUMENTATION_COMMENTS = YES;
				CLANG_WARN_EMPTY_BODY = YES;
				CLANG_WARN_ENUM_CONVERSION = YES;
				CLANG_WARN_INFINITE_RECURSION = YES;
				CLANG_WARN_INT_CONVERSION = YES;
				CLANG_WARN_NON_LITERAL_NULL_CONVERSION = YES;
				CLANG_WARN_OBJC_IMPLICIT_RETAIN_SELF = YES;
				CLANG_WARN_OBJC_LITERAL_CONVERSION = YES;
				CLANG_WARN_OBJC_ROOT_CLASS = YES_ERROR;
				CLANG_WARN_QUOTED_INCLUDE_IN_FRAMEWORK_HEADER = YES;
				CLANG_WARN_RANGE_LOOP_ANALYSIS = YES;
				CLANG_WARN_STRICT_PROTOTYPES = YES;
				CLANG_WARN_SUSPICIOUS_MOVE = YES;
				CLANG_WARN_UNGUARDED_AVAILABILITY = YES_AGGRESSIVE;
				CLANG_WARN_UNREACHABLE_CODE = YES;
				CLANG_WARN__DUPLICATE_METHOD_MATCH = YES;
				COPY_PHASE_STRIP = NO;
				DEBUG_INFORMATION_FORMAT = dwarf;
				ENABLE_STRICT_OBJC_MSGSEND = YES;
				ENABLE_TESTABILITY = YES;
				GCC_C_LANGUAGE_STANDARD = gnu11;
				GCC_DYNAMIC_NO_PIC = NO;
				GCC_NO_COMMON_BLOCKS = YES;
				GCC_OPTIMIZATION_LEVEL = 0;
				GCC_PREPROCESSOR_DEFINITIONS = (
					"DEBUG=1",
					"$(inherited)",
				);
				GCC_WARN_64_TO_32_BIT_CONVERSION = YES;
				GCC_WARN_ABOUT_RETURN_TYPE = YES_ERROR;
				GCC_WARN_UNDECLARED_SELECTOR = YES;
				GCC_WARN_UNINITIALIZED_AUTOS = YES_AGGRESSIVE;
				GCC_WARN_UNUSED_FUNCTION = YES;
				GCC_WARN_UNUSED_VARIABLE = YES;
				IPHONEOS_DEPLOYMENT_TARGET = 15.4;
				MTL_ENABLE_DEBUG_INFO = INCLUDE_SOURCE;
				MTL_FAST_MATH = YES;
				ONLY_ACTIVE_ARCH = YES;
				SDKROOT = iphoneos;
				SWIFT_ACTIVE_COMPILATION_CONDITIONS = DEBUG;
				SWIFT_OPTIMIZATION_LEVEL = "-Onone";
			};
			name = Debug;
		};
		6FF0FE00284117F20085FF04 /* Release */ = {
			isa = XCBuildConfiguration;
			buildSettings = {
				ALWAYS_SEARCH_USER_PATHS = NO;
				CLANG_ANALYZER_NONNULL = YES;
				CLANG_ANALYZER_NUMBER_OBJECT_CONVERSION = YES_AGGRESSIVE;
				CLANG_CXX_LANGUAGE_STANDARD = "gnu++17";
				CLANG_ENABLE_MODULES = YES;
				CLANG_ENABLE_OBJC_ARC = YES;
				CLANG_ENABLE_OBJC_WEAK = YES;
				CLANG_WARN_BLOCK_CAPTURE_AUTORELEASING = YES;
				CLANG_WARN_BOOL_CONVERSION = YES;
				CLANG_WARN_COMMA = YES;
				CLANG_WARN_CONSTANT_CONVERSION = YES;
				CLANG_WARN_DEPRECATED_OBJC_IMPLEMENTATIONS = YES;
				CLANG_WARN_DIRECT_OBJC_ISA_USAGE = YES_ERROR;
				CLANG_WARN_DOCUMENTATION_COMMENTS = YES;
				CLANG_WARN_EMPTY_BODY = YES;
				CLANG_WARN_ENUM_CONVERSION = YES;
				CLANG_WARN_INFINITE_RECURSION = YES;
				CLANG_WARN_INT_CONVERSION = YES;
				CLANG_WARN_NON_LITERAL_NULL_CONVERSION = YES;
				CLANG_WARN_OBJC_IMPLICIT_RETAIN_SELF = YES;
				CLANG_WARN_OBJC_LITERAL_CONVERSION = YES;
				CLANG_WARN_OBJC_ROOT_CLASS = YES_ERROR;
				CLANG_WARN_QUOTED_INCLUDE_IN_FRAMEWORK_HEADER = YES;
				CLANG_WARN_RANGE_LOOP_ANALYSIS = YES;
				CLANG_WARN_STRICT_PROTOTYPES = YES;
				CLANG_WARN_SUSPICIOUS_MOVE = YES;
				CLANG_WARN_UNGUARDED_AVAILABILITY = YES_AGGRESSIVE;
				CLANG_WARN_UNREACHABLE_CODE = YES;
				CLANG_WARN__DUPLICATE_METHOD_MATCH = YES;
				COPY_PHASE_STRIP = NO;
				DEBUG_INFORMATION_FORMAT = "dwarf-with-dsym";
				ENABLE_NS_ASSERTIONS = NO;
				ENABLE_STRICT_OBJC_MSGSEND = YES;
				GCC_C_LANGUAGE_STANDARD = gnu11;
				GCC_NO_COMMON_BLOCKS = YES;
				GCC_WARN_64_TO_32_BIT_CONVERSION = YES;
				GCC_WARN_ABOUT_RETURN_TYPE = YES_ERROR;
				GCC_WARN_UNDECLARED_SELECTOR = YES;
				GCC_WARN_UNINITIALIZED_AUTOS = YES_AGGRESSIVE;
				GCC_WARN_UNUSED_FUNCTION = YES;
				GCC_WARN_UNUSED_VARIABLE = YES;
				IPHONEOS_DEPLOYMENT_TARGET = 15.4;
				MTL_ENABLE_DEBUG_INFO = NO;
				MTL_FAST_MATH = YES;
				SDKROOT = iphoneos;
				SWIFT_COMPILATION_MODE = wholemodule;
				SWIFT_OPTIMIZATION_LEVEL = "-O";
				VALIDATE_PRODUCT = YES;
			};
			name = Release;
		};
		6FF0FE02284117F20085FF04 /* Debug */ = {
			isa = XCBuildConfiguration;
			baseConfigurationReference = 09628E3140977BFA39389486 /* Pods-VKProject.debug.xcconfig */;
			buildSettings = {
				ASSETCATALOG_COMPILER_APPICON_NAME = AppIcon;
				ASSETCATALOG_COMPILER_GLOBAL_ACCENT_COLOR_NAME = AccentColor;
				CODE_SIGN_STYLE = Automatic;
				CURRENT_PROJECT_VERSION = 1;
				DEVELOPMENT_TEAM = Z262BFFWGC;
				GENERATE_INFOPLIST_FILE = YES;
				INFOPLIST_FILE = VKProject/Resources/Info.plist;
				INFOPLIST_KEY_UIApplicationSupportsIndirectInputEvents = YES;
				INFOPLIST_KEY_UILaunchStoryboardName = LaunchScreen;
				INFOPLIST_KEY_UIMainStoryboardFile = Main;
				INFOPLIST_KEY_UISupportedInterfaceOrientations = UIInterfaceOrientationPortrait;
				INFOPLIST_KEY_UISupportedInterfaceOrientations_iPad = "UIInterfaceOrientationPortrait UIInterfaceOrientationPortraitUpsideDown UIInterfaceOrientationLandscapeLeft UIInterfaceOrientationLandscapeRight";
				INFOPLIST_KEY_UISupportedInterfaceOrientations_iPhone = "UIInterfaceOrientationPortrait UIInterfaceOrientationLandscapeLeft UIInterfaceOrientationLandscapeRight";
				IPHONEOS_DEPLOYMENT_TARGET = 15.0;
				LD_RUNPATH_SEARCH_PATHS = (
					"$(inherited)",
					"@executable_path/Frameworks",
				);
				MARKETING_VERSION = 1.0;
				PRODUCT_BUNDLE_IDENTIFIER = TonyStark.VKProject;
				PRODUCT_NAME = "$(TARGET_NAME)";
				SWIFT_EMIT_LOC_STRINGS = YES;
				SWIFT_VERSION = 5.0;
				TARGETED_DEVICE_FAMILY = 1;
			};
			name = Debug;
		};
		6FF0FE03284117F20085FF04 /* Release */ = {
			isa = XCBuildConfiguration;
			baseConfigurationReference = E2308428D4AD3F0A3208C087 /* Pods-VKProject.release.xcconfig */;
			buildSettings = {
				ASSETCATALOG_COMPILER_APPICON_NAME = AppIcon;
				ASSETCATALOG_COMPILER_GLOBAL_ACCENT_COLOR_NAME = AccentColor;
				CODE_SIGN_STYLE = Automatic;
				CURRENT_PROJECT_VERSION = 1;
				DEVELOPMENT_TEAM = Z262BFFWGC;
				GENERATE_INFOPLIST_FILE = YES;
				INFOPLIST_FILE = VKProject/Resources/Info.plist;
				INFOPLIST_KEY_UIApplicationSupportsIndirectInputEvents = YES;
				INFOPLIST_KEY_UILaunchStoryboardName = LaunchScreen;
				INFOPLIST_KEY_UIMainStoryboardFile = Main;
				INFOPLIST_KEY_UISupportedInterfaceOrientations = UIInterfaceOrientationPortrait;
				INFOPLIST_KEY_UISupportedInterfaceOrientations_iPad = "UIInterfaceOrientationPortrait UIInterfaceOrientationPortraitUpsideDown UIInterfaceOrientationLandscapeLeft UIInterfaceOrientationLandscapeRight";
				INFOPLIST_KEY_UISupportedInterfaceOrientations_iPhone = "UIInterfaceOrientationPortrait UIInterfaceOrientationLandscapeLeft UIInterfaceOrientationLandscapeRight";
				IPHONEOS_DEPLOYMENT_TARGET = 15.0;
				LD_RUNPATH_SEARCH_PATHS = (
					"$(inherited)",
					"@executable_path/Frameworks",
				);
				MARKETING_VERSION = 1.0;
				PRODUCT_BUNDLE_IDENTIFIER = TonyStark.VKProject;
				PRODUCT_NAME = "$(TARGET_NAME)";
				SWIFT_EMIT_LOC_STRINGS = YES;
				SWIFT_VERSION = 5.0;
				TARGETED_DEVICE_FAMILY = 1;
			};
			name = Release;
		};
/* End XCBuildConfiguration section */

/* Begin XCConfigurationList section */
		6FF0FDE8284117F10085FF04 /* Build configuration list for PBXProject "VKProject" */ = {
			isa = XCConfigurationList;
			buildConfigurations = (
				6FF0FDFF284117F20085FF04 /* Debug */,
				6FF0FE00284117F20085FF04 /* Release */,
			);
			defaultConfigurationIsVisible = 0;
			defaultConfigurationName = Release;
		};
		6FF0FE01284117F20085FF04 /* Build configuration list for PBXNativeTarget "VKProject" */ = {
			isa = XCConfigurationList;
			buildConfigurations = (
				6FF0FE02284117F20085FF04 /* Debug */,
				6FF0FE03284117F20085FF04 /* Release */,
			);
			defaultConfigurationIsVisible = 0;
			defaultConfigurationName = Release;
		};
/* End XCConfigurationList section */
	};
	rootObject = 6FF0FDE5284117F10085FF04 /* Project object */;
}
